
Microsoft Visual Studio Solution File, Format Version 12.00
# Visual Studio Version 17
VisualStudioVersion = 17.11.35312.102
MinimumVisualStudioVersion = 10.0.40219.1
Project("{2150E333-8FDC-42A3-9474-1A3956D46DE8}") = "Task0", "Task0", "{1D2F87B8-A41D-47EB-BDA8-A77E31B9233E}"
EndProject
Project("{9A19103F-16F7-4668-BE54-9A1E7A4F7556}") = "Tyuiu.KolesnikovMN.Sprint2.Task0.V23", "Tyuiu.KolesnikovMN.Sprint2.Task0.V23\Tyuiu.KolesnikovMN.Sprint2.Task0.V23.csproj", "{996E617E-E1B5-43D3-893C-695B0646DA9B}"
EndProject
Project("{9A19103F-16F7-4668-BE54-9A1E7A4F7556}") = "Tyuiu.KolesnikovMN.Sprint2.Task0.V23.Lib", "Tyuiu.KolesnikovMN.Sprint2.Task0.V23.Lib\Tyuiu.KolesnikovMN.Sprint2.Task0.V23.Lib.csproj", "{229088CA-2EC7-471C-BD1E-D15462E8496F}"
EndProject
Project("{9A19103F-16F7-4668-BE54-9A1E7A4F7556}") = "Tyuiu.KolesnikovMN.Sprint2.Task0.V23.Test", "Tyuiu.KolesnikovMN.Sprint2.Task0.V23.Test\Tyuiu.KolesnikovMN.Sprint2.Task0.V23.Test.csproj", "{E1951FA6-7872-4933-99C6-8E2C536B6C2D}"
EndProject
Project("{2150E333-8FDC-42A3-9474-1A3956D46DE8}") = "Task1", "Task1", "{32CAF782-7E29-4D37-9DE4-B5CA29320365}"
EndProject
Project("{9A19103F-16F7-4668-BE54-9A1E7A4F7556}") = "Tyuiu.KolesnikovMN.Sprint2.Task1.V11", "Tyuiu.KolesnikovMN.Sprint2.Task1.V11\Tyuiu.KolesnikovMN.Sprint2.Task1.V11.csproj", "{2F8F3257-C427-4196-A438-7E38F0B97719}"
EndProject
Project("{9A19103F-16F7-4668-BE54-9A1E7A4F7556}") = "Tyuiu.KolesnikovMN.Sprint2.Task1.V11.Lib", "Tyuiu.KolesnikovMN.Sprint2.Task1.V11.Lib\Tyuiu.KolesnikovMN.Sprint2.Task1.V11.Lib.csproj", "{8F579FCF-4887-4A47-90F9-B16CF3E5F7F9}"
EndProject
Project("{9A19103F-16F7-4668-BE54-9A1E7A4F7556}") = "Tyuiu.KolesnikovMN.Sprint2.Task1.V11.Test", "Tyuiu.KolesnikovMN.Sprint2.Task1.V11.Test\Tyuiu.KolesnikovMN.Sprint2.Task1.V11.Test.csproj", "{32126520-396A-4032-9966-E14F4579B37C}"
EndProject
Project("{2150E333-8FDC-42A3-9474-1A3956D46DE8}") = "Task2", "Task2", "{9A56D902-18E0-46D4-99A4-67E06946647C}"
EndProject
Project("{9A19103F-16F7-4668-BE54-9A1E7A4F7556}") = "Tyuiu.KolesnikovMN.Sprint2.Task2.V17", "Tyuiu.KolesnikovMN.Sprint2.Task2.V17\Tyuiu.KolesnikovMN.Sprint2.Task2.V17.csproj", "{CC3222CB-C4A4-4C11-965A-E856CC4C74F3}"
EndProject
Project("{9A19103F-16F7-4668-BE54-9A1E7A4F7556}") = "Tyuiu.KolesnikovMN.Sprint2.Task2.V17.Lib", "Tyuiu.KolesnikovMN.Sprint2.Task2.V17.Lib\Tyuiu.KolesnikovMN.Sprint2.Task2.V17.Lib.csproj", "{9F425DBF-3671-4F14-B344-0B6AE6F6119E}"
EndProject
Project("{9A19103F-16F7-4668-BE54-9A1E7A4F7556}") = "Tyuiu.KolesnikovMN.Sprint2.Task2.V17.Test", "Tyuiu.KolesnikovMN.Sprint2.Task2.V17.Test\Tyuiu.KolesnikovMN.Sprint2.Task2.V17.Test.csproj", "{9B31CD55-FA02-482E-BA62-E488E721F75D}"
EndProject
Project("{2150E333-8FDC-42A3-9474-1A3956D46DE8}") = "Task3", "Task3", "{BE2815F2-3718-452A-A3A7-2ADB2AF5BB8F}"
EndProject
Project("{9A19103F-16F7-4668-BE54-9A1E7A4F7556}") = "Tyuiu.KolesnikovMN.Sprint2.Task3.V20", "Tyuiu.KolesnikovMN.Sprint2.Task3.V20\Tyuiu.KolesnikovMN.Sprint2.Task3.V20.csproj", "{D597DEA5-0617-40F1-9B82-D8088843AE75}"
EndProject
Project("{9A19103F-16F7-4668-BE54-9A1E7A4F7556}") = "Tyuiu.KolesnikovMN.Sprint2.Task3.V20.Lib", "Tyuiu.KolesnikovMN.Sprint2.Task3.V20.Lib\Tyuiu.KolesnikovMN.Sprint2.Task3.V20.Lib.csproj", "{18ABBC9D-2A84-4FD1-8BF1-1DCD7F277A18}"
EndProject
Project("{9A19103F-16F7-4668-BE54-9A1E7A4F7556}") = "Tyuiu.KolesnikovMN.Sprint2.Task3.V20.Test", "Tyuiu.KolesnikovMN.Sprint2.Task3.V20.Test\Tyuiu.KolesnikovMN.Sprint2.Task3.V20.Test.csproj", "{0A8A749E-4AF6-419E-89C0-C2E0EDA19032}"
EndProject
Project("{2150E333-8FDC-42A3-9474-1A3956D46DE8}") = "Task4", "Task4", "{16B33A25-5787-4BC6-920E-BF02D3B0DE8B}"
EndProject
Project("{9A19103F-16F7-4668-BE54-9A1E7A4F7556}") = "Tyuiu.KolesnikovMN.Sprint2.Task4.V6", "Tyuiu.KolesnikovMN.Sprint2.Task4.V6\Tyuiu.KolesnikovMN.Sprint2.Task4.V6.csproj", "{B9BAFA5D-0B33-428E-9E24-B706B2834DFE}"
EndProject
Project("{9A19103F-16F7-4668-BE54-9A1E7A4F7556}") = "Tyuiu.KolesnikovMN.Sprint2.Task4.V6.Lib", "Tyuiu.KolesnikovMN.Sprint2.Task4.V6.Lib\Tyuiu.KolesnikovMN.Sprint2.Task4.V6.Lib.csproj", "{ACD4A5C0-084A-4E84-BE83-84916A8EE66D}"
EndProject
Project("{9A19103F-16F7-4668-BE54-9A1E7A4F7556}") = "Tyuiu.KolesnikovMN.Sprint2.Task4.V6.Test", "Tyuiu.KolesnikovMN.Sprint2.Task4.V6.Test\Tyuiu.KolesnikovMN.Sprint2.Task4.V6.Test.csproj", "{BDFCA6B7-9399-4E2E-8007-B0A33B54D11E}"
EndProject
Project("{2150E333-8FDC-42A3-9474-1A3956D46DE8}") = "Task5", "Task5", "{6718D1D4-18F0-4FA6-8126-E5AD3E91D58E}"
EndProject
Project("{FAE04EC0-301F-11D3-BF4B-00C04F79EFBC}") = "Tyuiu.KolesnikovMN.Sprint2.Task5.V9", "Tyuiu.KolesnikovMN.Sprint2.Task5.V9\Tyuiu.KolesnikovMN.Sprint2.Task5.V9.csproj", "{BCBCDC5F-31B5-4B59-86BF-CB274AC5C742}"
EndProject
Project("{FAE04EC0-301F-11D3-BF4B-00C04F79EFBC}") = "Tyuiu.KolesnikovMN.Sprint2.Task5.V9.Lib", "Tyuiu.KolesnikovMN.Sprint2.Task5.V9.Lib\Tyuiu.KolesnikovMN.Sprint2.Task5.V9.Lib.csproj", "{B5A1BD49-BCD7-4B1F-8F1F-597CFD6D1441}"
EndProject
Project("{FAE04EC0-301F-11D3-BF4B-00C04F79EFBC}") = "Tyuiu.KolesnikovMN.Sprint2.Task5.V9.Test", "Tyuiu.KolesnikovMN.Sprint2.Task5.V9.Test\Tyuiu.KolesnikovMN.Sprint2.Task5.V9.Test.csproj", "{A1E8A987-7302-4DB7-9EBF-6FF2C3F0C1B1}"
EndProject
Global
	GlobalSection(SolutionConfigurationPlatforms) = preSolution
		Debug|Any CPU = Debug|Any CPU
		Release|Any CPU = Release|Any CPU
	EndGlobalSection
	GlobalSection(ProjectConfigurationPlatforms) = postSolution
		{996E617E-E1B5-43D3-893C-695B0646DA9B}.Debug|Any CPU.ActiveCfg = Debug|Any CPU
		{996E617E-E1B5-43D3-893C-695B0646DA9B}.Debug|Any CPU.Build.0 = Debug|Any CPU
		{996E617E-E1B5-43D3-893C-695B0646DA9B}.Release|Any CPU.ActiveCfg = Release|Any CPU
		{996E617E-E1B5-43D3-893C-695B0646DA9B}.Release|Any CPU.Build.0 = Release|Any CPU
		{229088CA-2EC7-471C-BD1E-D15462E8496F}.Debug|Any CPU.ActiveCfg = Debug|Any CPU
		{229088CA-2EC7-471C-BD1E-D15462E8496F}.Debug|Any CPU.Build.0 = Debug|Any CPU
		{229088CA-2EC7-471C-BD1E-D15462E8496F}.Release|Any CPU.ActiveCfg = Release|Any CPU
		{229088CA-2EC7-471C-BD1E-D15462E8496F}.Release|Any CPU.Build.0 = Release|Any CPU
		{E1951FA6-7872-4933-99C6-8E2C536B6C2D}.Debug|Any CPU.ActiveCfg = Debug|Any CPU
		{E1951FA6-7872-4933-99C6-8E2C536B6C2D}.Debug|Any CPU.Build.0 = Debug|Any CPU
		{E1951FA6-7872-4933-99C6-8E2C536B6C2D}.Release|Any CPU.ActiveCfg = Release|Any CPU
		{E1951FA6-7872-4933-99C6-8E2C536B6C2D}.Release|Any CPU.Build.0 = Release|Any CPU
		{2F8F3257-C427-4196-A438-7E38F0B97719}.Debug|Any CPU.ActiveCfg = Debug|Any CPU
		{2F8F3257-C427-4196-A438-7E38F0B97719}.Debug|Any CPU.Build.0 = Debug|Any CPU
		{2F8F3257-C427-4196-A438-7E38F0B97719}.Release|Any CPU.ActiveCfg = Release|Any CPU
		{2F8F3257-C427-4196-A438-7E38F0B97719}.Release|Any CPU.Build.0 = Release|Any CPU
		{8F579FCF-4887-4A47-90F9-B16CF3E5F7F9}.Debug|Any CPU.ActiveCfg = Debug|Any CPU
		{8F579FCF-4887-4A47-90F9-B16CF3E5F7F9}.Debug|Any CPU.Build.0 = Debug|Any CPU
		{8F579FCF-4887-4A47-90F9-B16CF3E5F7F9}.Release|Any CPU.ActiveCfg = Release|Any CPU
		{8F579FCF-4887-4A47-90F9-B16CF3E5F7F9}.Release|Any CPU.Build.0 = Release|Any CPU
		{32126520-396A-4032-9966-E14F4579B37C}.Debug|Any CPU.ActiveCfg = Debug|Any CPU
		{32126520-396A-4032-9966-E14F4579B37C}.Debug|Any CPU.Build.0 = Debug|Any CPU
		{32126520-396A-4032-9966-E14F4579B37C}.Release|Any CPU.ActiveCfg = Release|Any CPU
		{32126520-396A-4032-9966-E14F4579B37C}.Release|Any CPU.Build.0 = Release|Any CPU
		{CC3222CB-C4A4-4C11-965A-E856CC4C74F3}.Debug|Any CPU.ActiveCfg = Debug|Any CPU
		{CC3222CB-C4A4-4C11-965A-E856CC4C74F3}.Debug|Any CPU.Build.0 = Debug|Any CPU
		{CC3222CB-C4A4-4C11-965A-E856CC4C74F3}.Release|Any CPU.ActiveCfg = Release|Any CPU
		{CC3222CB-C4A4-4C11-965A-E856CC4C74F3}.Release|Any CPU.Build.0 = Release|Any CPU
		{9F425DBF-3671-4F14-B344-0B6AE6F6119E}.Debug|Any CPU.ActiveCfg = Debug|Any CPU
		{9F425DBF-3671-4F14-B344-0B6AE6F6119E}.Debug|Any CPU.Build.0 = Debug|Any CPU
		{9F425DBF-3671-4F14-B344-0B6AE6F6119E}.Release|Any CPU.ActiveCfg = Release|Any CPU
		{9F425DBF-3671-4F14-B344-0B6AE6F6119E}.Release|Any CPU.Build.0 = Release|Any CPU
		{9B31CD55-FA02-482E-BA62-E488E721F75D}.Debug|Any CPU.ActiveCfg = Debug|Any CPU
		{9B31CD55-FA02-482E-BA62-E488E721F75D}.Debug|Any CPU.Build.0 = Debug|Any CPU
		{9B31CD55-FA02-482E-BA62-E488E721F75D}.Release|Any CPU.ActiveCfg = Release|Any CPU
		{9B31CD55-FA02-482E-BA62-E488E721F75D}.Release|Any CPU.Build.0 = Release|Any CPU
		{D597DEA5-0617-40F1-9B82-D8088843AE75}.Debug|Any CPU.ActiveCfg = Debug|Any CPU
		{D597DEA5-0617-40F1-9B82-D8088843AE75}.Debug|Any CPU.Build.0 = Debug|Any CPU
		{D597DEA5-0617-40F1-9B82-D8088843AE75}.Release|Any CPU.ActiveCfg = Release|Any CPU
		{D597DEA5-0617-40F1-9B82-D8088843AE75}.Release|Any CPU.Build.0 = Release|Any CPU
		{18ABBC9D-2A84-4FD1-8BF1-1DCD7F277A18}.Debug|Any CPU.ActiveCfg = Debug|Any CPU
		{18ABBC9D-2A84-4FD1-8BF1-1DCD7F277A18}.Debug|Any CPU.Build.0 = Debug|Any CPU
		{18ABBC9D-2A84-4FD1-8BF1-1DCD7F277A18}.Release|Any CPU.ActiveCfg = Release|Any CPU
		{18ABBC9D-2A84-4FD1-8BF1-1DCD7F277A18}.Release|Any CPU.Build.0 = Release|Any CPU
		{0A8A749E-4AF6-419E-89C0-C2E0EDA19032}.Debug|Any CPU.ActiveCfg = Debug|Any CPU
		{0A8A749E-4AF6-419E-89C0-C2E0EDA19032}.Debug|Any CPU.Build.0 = Debug|Any CPU
		{0A8A749E-4AF6-419E-89C0-C2E0EDA19032}.Release|Any CPU.ActiveCfg = Release|Any CPU
		{0A8A749E-4AF6-419E-89C0-C2E0EDA19032}.Release|Any CPU.Build.0 = Release|Any CPU
		{B9BAFA5D-0B33-428E-9E24-B706B2834DFE}.Debug|Any CPU.ActiveCfg = Debug|Any CPU
		{B9BAFA5D-0B33-428E-9E24-B706B2834DFE}.Debug|Any CPU.Build.0 = Debug|Any CPU
		{B9BAFA5D-0B33-428E-9E24-B706B2834DFE}.Release|Any CPU.ActiveCfg = Release|Any CPU
		{B9BAFA5D-0B33-428E-9E24-B706B2834DFE}.Release|Any CPU.Build.0 = Release|Any CPU
		{ACD4A5C0-084A-4E84-BE83-84916A8EE66D}.Debug|Any CPU.ActiveCfg = Debug|Any CPU
		{ACD4A5C0-084A-4E84-BE83-84916A8EE66D}.Debug|Any CPU.Build.0 = Debug|Any CPU
		{ACD4A5C0-084A-4E84-BE83-84916A8EE66D}.Release|Any CPU.ActiveCfg = Release|Any CPU
		{ACD4A5C0-084A-4E84-BE83-84916A8EE66D}.Release|Any CPU.Build.0 = Release|Any CPU
		{BDFCA6B7-9399-4E2E-8007-B0A33B54D11E}.Debug|Any CPU.ActiveCfg = Debug|Any CPU
		{BDFCA6B7-9399-4E2E-8007-B0A33B54D11E}.Debug|Any CPU.Build.0 = Debug|Any CPU
		{BDFCA6B7-9399-4E2E-8007-B0A33B54D11E}.Release|Any CPU.ActiveCfg = Release|Any CPU
		{BDFCA6B7-9399-4E2E-8007-B0A33B54D11E}.Release|Any CPU.Build.0 = Release|Any CPU
		{BCBCDC5F-31B5-4B59-86BF-CB274AC5C742}.Debug|Any CPU.ActiveCfg = Debug|Any CPU
		{BCBCDC5F-31B5-4B59-86BF-CB274AC5C742}.Debug|Any CPU.Build.0 = Debug|Any CPU
		{BCBCDC5F-31B5-4B59-86BF-CB274AC5C742}.Release|Any CPU.ActiveCfg = Release|Any CPU
		{BCBCDC5F-31B5-4B59-86BF-CB274AC5C742}.Release|Any CPU.Build.0 = Release|Any CPU
		{B5A1BD49-BCD7-4B1F-8F1F-597CFD6D1441}.Debug|Any CPU.ActiveCfg = Debug|Any CPU
		{B5A1BD49-BCD7-4B1F-8F1F-597CFD6D1441}.Debug|Any CPU.Build.0 = Debug|Any CPU
		{B5A1BD49-BCD7-4B1F-8F1F-597CFD6D1441}.Release|Any CPU.ActiveCfg = Release|Any CPU
		{B5A1BD49-BCD7-4B1F-8F1F-597CFD6D1441}.Release|Any CPU.Build.0 = Release|Any CPU
		{A1E8A987-7302-4DB7-9EBF-6FF2C3F0C1B1}.Debug|Any CPU.ActiveCfg = Debug|Any CPU
		{A1E8A987-7302-4DB7-9EBF-6FF2C3F0C1B1}.Debug|Any CPU.Build.0 = Debug|Any CPU
		{A1E8A987-7302-4DB7-9EBF-6FF2C3F0C1B1}.Release|Any CPU.ActiveCfg = Release|Any CPU
		{A1E8A987-7302-4DB7-9EBF-6FF2C3F0C1B1}.Release|Any CPU.Build.0 = Release|Any CPU
	EndGlobalSection
	GlobalSection(SolutionProperties) = preSolution
		HideSolutionNode = FALSE
	EndGlobalSection
	GlobalSection(NestedProjects) = preSolution
		{996E617E-E1B5-43D3-893C-695B0646DA9B} = {1D2F87B8-A41D-47EB-BDA8-A77E31B9233E}
		{229088CA-2EC7-471C-BD1E-D15462E8496F} = {1D2F87B8-A41D-47EB-BDA8-A77E31B9233E}
		{E1951FA6-7872-4933-99C6-8E2C536B6C2D} = {1D2F87B8-A41D-47EB-BDA8-A77E31B9233E}
		{2F8F3257-C427-4196-A438-7E38F0B97719} = {32CAF782-7E29-4D37-9DE4-B5CA29320365}
		{8F579FCF-4887-4A47-90F9-B16CF3E5F7F9} = {32CAF782-7E29-4D37-9DE4-B5CA29320365}
		{32126520-396A-4032-9966-E14F4579B37C} = {32CAF782-7E29-4D37-9DE4-B5CA29320365}
		{CC3222CB-C4A4-4C11-965A-E856CC4C74F3} = {9A56D902-18E0-46D4-99A4-67E06946647C}
		{9F425DBF-3671-4F14-B344-0B6AE6F6119E} = {9A56D902-18E0-46D4-99A4-67E06946647C}
		{9B31CD55-FA02-482E-BA62-E488E721F75D} = {9A56D902-18E0-46D4-99A4-67E06946647C}
		{D597DEA5-0617-40F1-9B82-D8088843AE75} = {BE2815F2-3718-452A-A3A7-2ADB2AF5BB8F}
		{18ABBC9D-2A84-4FD1-8BF1-1DCD7F277A18} = {BE2815F2-3718-452A-A3A7-2ADB2AF5BB8F}
		{0A8A749E-4AF6-419E-89C0-C2E0EDA19032} = {BE2815F2-3718-452A-A3A7-2ADB2AF5BB8F}
		{B9BAFA5D-0B33-428E-9E24-B706B2834DFE} = {16B33A25-5787-4BC6-920E-BF02D3B0DE8B}
		{ACD4A5C0-084A-4E84-BE83-84916A8EE66D} = {16B33A25-5787-4BC6-920E-BF02D3B0DE8B}
		{BDFCA6B7-9399-4E2E-8007-B0A33B54D11E} = {16B33A25-5787-4BC6-920E-BF02D3B0DE8B}
		{BCBCDC5F-31B5-4B59-86BF-CB274AC5C742} = {6718D1D4-18F0-4FA6-8126-E5AD3E91D58E}
		{B5A1BD49-BCD7-4B1F-8F1F-597CFD6D1441} = {6718D1D4-18F0-4FA6-8126-E5AD3E91D58E}
		{A1E8A987-7302-4DB7-9EBF-6FF2C3F0C1B1} = {6718D1D4-18F0-4FA6-8126-E5AD3E91D58E}
	EndGlobalSection
	GlobalSection(ExtensibilityGlobals) = postSolution
		SolutionGuid = {8AB3404A-D6FF-414C-A763-9BDD4546831E}
	EndGlobalSection
EndGlobal
